// !$*UTF8*$!
{
	archiveVersion = 1;
	classes = {
	};
	objectVersion = 56;
	objects = {

/* Begin PBXBuildFile section */
		A57F485F2A13FA2500D65A24 /* AppDelegate.swift in Sources */ = {isa = PBXBuildFile; fileRef = A57F485E2A13FA2500D65A24 /* AppDelegate.swift */; };
		A57F48612A13FA2500D65A24 /* SceneDelegate.swift in Sources */ = {isa = PBXBuildFile; fileRef = A57F48602A13FA2500D65A24 /* SceneDelegate.swift */; };
		A57F48632A13FA2500D65A24 /* MenuViewController.swift in Sources */ = {isa = PBXBuildFile; fileRef = A57F48622A13FA2500D65A24 /* MenuViewController.swift */; };
		A57F48692A13FA2500D65A24 /* SushiMarketApp.xcdatamodeld in Sources */ = {isa = PBXBuildFile; fileRef = A57F48672A13FA2500D65A24 /* SushiMarketApp.xcdatamodeld */; };
		A57F486B2A13FA2600D65A24 /* Assets.xcassets in Resources */ = {isa = PBXBuildFile; fileRef = A57F486A2A13FA2600D65A24 /* Assets.xcassets */; };
		A57F486E2A13FA2600D65A24 /* LaunchScreen.storyboard in Resources */ = {isa = PBXBuildFile; fileRef = A57F486C2A13FA2600D65A24 /* LaunchScreen.storyboard */; };
/* End PBXBuildFile section */

/* Begin PBXFileReference section */
		A57F485B2A13FA2500D65A24 /* SushiMarketApp.app */ = {isa = PBXFileReference; explicitFileType = wrapper.application; includeInIndex = 0; path = SushiMarketApp.app; sourceTree = BUILT_PRODUCTS_DIR; };
		A57F485E2A13FA2500D65A24 /* AppDelegate.swift */ = {isa = PBXFileReference; lastKnownFileType = sourcecode.swift; path = AppDelegate.swift; sourceTree = "<group>"; };
		A57F48602A13FA2500D65A24 /* SceneDelegate.swift */ = {isa = PBXFileReference; lastKnownFileType = sourcecode.swift; path = SceneDelegate.swift; sourceTree = "<group>"; };
		A57F48622A13FA2500D65A24 /* MenuViewController.swift */ = {isa = PBXFileReference; lastKnownFileType = sourcecode.swift; path = MenuViewController.swift; sourceTree = "<group>"; };
		A57F48682A13FA2500D65A24 /* SushiMarketApp.xcdatamodel */ = {isa = PBXFileReference; lastKnownFileType = wrapper.xcdatamodel; path = SushiMarketApp.xcdatamodel; sourceTree = "<group>"; };
		A57F486A2A13FA2600D65A24 /* Assets.xcassets */ = {isa = PBXFileReference; lastKnownFileType = folder.assetcatalog; path = Assets.xcassets; sourceTree = "<group>"; };
		A57F486D2A13FA2600D65A24 /* Base */ = {isa = PBXFileReference; lastKnownFileType = file.storyboard; name = Base; path = Base.lproj/LaunchScreen.storyboard; sourceTree = "<group>"; };
		A57F486F2A13FA2600D65A24 /* Info.plist */ = {isa = PBXFileReference; lastKnownFileType = text.plist.xml; path = Info.plist; sourceTree = "<group>"; };
/* End PBXFileReference section */

/* Begin PBXFrameworksBuildPhase section */
		A57F48582A13FA2500D65A24 /* Frameworks */ = {
			isa = PBXFrameworksBuildPhase;
			buildActionMask = 2147483647;
			files = (
			);
			runOnlyForDeploymentPostprocessing = 0;
		};
/* End PBXFrameworksBuildPhase section */

/* Begin PBXGroup section */
		A57F48522A13FA2500D65A24 = {
			isa = PBXGroup;
			children = (
				A57F485D2A13FA2500D65A24 /* SushiMarketApp */,
				A57F485C2A13FA2500D65A24 /* Products */,
			);
			sourceTree = "<group>";
		};
		A57F485C2A13FA2500D65A24 /* Products */ = {
			isa = PBXGroup;
			children = (
				A57F485B2A13FA2500D65A24 /* SushiMarketApp.app */,
			);
			name = Products;
			sourceTree = "<group>";
		};
		A57F485D2A13FA2500D65A24 /* SushiMarketApp */ = {
			isa = PBXGroup;
			children = (
				A57F48752A13FB1300D65A24 /* Source */,
				A57F48762A13FB1A00D65A24 /* Resource */,
			);
			path = SushiMarketApp;
			sourceTree = "<group>";
		};
		A57F48752A13FB1300D65A24 /* Source */ = {
			isa = PBXGroup;
			children = (
				A57F48782A1404A000D65A24 /* MenuModule */,
				A57F48772A13FB2100D65A24 /* App */,
			);
			path = Source;
			sourceTree = "<group>";
		};
		A57F48762A13FB1A00D65A24 /* Resource */ = {
			isa = PBXGroup;
			children = (
				A57F486A2A13FA2600D65A24 /* Assets.xcassets */,
				A57F486C2A13FA2600D65A24 /* LaunchScreen.storyboard */,
				A57F486F2A13FA2600D65A24 /* Info.plist */,
				A57F48672A13FA2500D65A24 /* SushiMarketApp.xcdatamodeld */,
			);
			path = Resource;
			sourceTree = "<group>";
		};
		A57F48772A13FB2100D65A24 /* App */ = {
			isa = PBXGroup;
			children = (
				A57F485E2A13FA2500D65A24 /* AppDelegate.swift */,
				A57F48602A13FA2500D65A24 /* SceneDelegate.swift */,
			);
			path = App;
			sourceTree = "<group>";
		};
		A57F48782A1404A000D65A24 /* MenuModule */ = {
			isa = PBXGroup;
			children = (
				A57F487B2A14051E00D65A24 /* MenuModel */,
				A57F487A2A14050C00D65A24 /* MenuViewModel */,
				A57F48792A1404F000D65A24 /* MenuControolers */,
			);
			path = MenuModule;
			sourceTree = "<group>";
		};
		A57F48792A1404F000D65A24 /* MenuControolers */ = {
			isa = PBXGroup;
			children = (
				A57F48622A13FA2500D65A24 /* MenuViewController.swift */,
			);
			path = MenuControolers;
			sourceTree = "<group>";
		};
		A57F487A2A14050C00D65A24 /* MenuViewModel */ = {
			isa = PBXGroup;
			children = (
			);
			path = MenuViewModel;
			sourceTree = "<group>";
		};
		A57F487B2A14051E00D65A24 /* MenuModel */ = {
			isa = PBXGroup;
			children = (
			);
			path = MenuModel;
			sourceTree = "<group>";
		};
/* End PBXGroup section */

/* Begin PBXNativeTarget section */
		A57F485A2A13FA2500D65A24 /* SushiMarketApp */ = {
			isa = PBXNativeTarget;
			buildConfigurationList = A57F48722A13FA2600D65A24 /* Build configuration list for PBXNativeTarget "SushiMarketApp" */;
			buildPhases = (
				A57F48572A13FA2500D65A24 /* Sources */,
				A57F48582A13FA2500D65A24 /* Frameworks */,
				A57F48592A13FA2500D65A24 /* Resources */,
			);
			buildRules = (
			);
			dependencies = (
			);
			name = SushiMarketApp;
			productName = SushiMarketApp;
			productReference = A57F485B2A13FA2500D65A24 /* SushiMarketApp.app */;
			productType = "com.apple.product-type.application";
		};
/* End PBXNativeTarget section */

/* Begin PBXProject section */
		A57F48532A13FA2500D65A24 /* Project object */ = {
			isa = PBXProject;
			attributes = {
				BuildIndependentTargetsInParallel = 1;
				LastSwiftUpdateCheck = 1430;
				LastUpgradeCheck = 1430;
				TargetAttributes = {
					A57F485A2A13FA2500D65A24 = {
						CreatedOnToolsVersion = 14.3;
					};
				};
			};
			buildConfigurationList = A57F48562A13FA2500D65A24 /* Build configuration list for PBXProject "SushiMarketApp" */;
			compatibilityVersion = "Xcode 14.0";
			developmentRegion = en;
			hasScannedForEncodings = 0;
			knownRegions = (
				en,
				Base,
			);
			mainGroup = A57F48522A13FA2500D65A24;
			productRefGroup = A57F485C2A13FA2500D65A24 /* Products */;
			projectDirPath = "";
			projectRoot = "";
			targets = (
				A57F485A2A13FA2500D65A24 /* SushiMarketApp */,
			);
		};
/* End PBXProject section */

/* Begin PBXResourcesBuildPhase section */
		A57F48592A13FA2500D65A24 /* Resources */ = {
			isa = PBXResourcesBuildPhase;
			buildActionMask = 2147483647;
			files = (
				A57F486E2A13FA2600D65A24 /* LaunchScreen.storyboard in Resources */,
				A57F486B2A13FA2600D65A24 /* Assets.xcassets in Resources */,
			);
			runOnlyForDeploymentPostprocessing = 0;
		};
/* End PBXResourcesBuildPhase section */

/* Begin PBXSourcesBuildPhase section */
		A57F48572A13FA2500D65A24 /* Sources */ = {
			isa = PBXSourcesBuildPhase;
			buildActionMask = 2147483647;
			files = (
				A57F48692A13FA2500D65A24 /* SushiMarketApp.xcdatamodeld in Sources */,
				A57F48632A13FA2500D65A24 /* MenuViewController.swift in Sources */,
				A57F485F2A13FA2500D65A24 /* AppDelegate.swift in Sources */,
				A57F48612A13FA2500D65A24 /* SceneDelegate.swift in Sources */,
			);
			runOnlyForDeploymentPostprocessing = 0;
		};
/* End PBXSourcesBuildPhase section */

/* Begin PBXVariantGroup section */
		A57F486C2A13FA2600D65A24 /* LaunchScreen.storyboard */ = {
			isa = PBXVariantGroup;
			children = (
				A57F486D2A13FA2600D65A24 /* Base */,
			);
			name = LaunchScreen.storyboard;
			sourceTree = "<group>";
		};
/* End PBXVariantGroup section */

/* Begin XCBuildConfiguration section */
		A57F48702A13FA2600D65A24 /* Debug */ = {
			isa = XCBuildConfiguration;
			buildSettings = {
				ALWAYS_SEARCH_USER_PATHS = NO;
				CLANG_ANALYZER_NONNULL = YES;
				CLANG_ANALYZER_NUMBER_OBJECT_CONVERSION = YES_AGGRESSIVE;
				CLANG_CXX_LANGUAGE_STANDARD = "gnu++20";
				CLANG_ENABLE_MODULES = YES;
				CLANG_ENABLE_OBJC_ARC = YES;
				CLANG_ENABLE_OBJC_WEAK = YES;
				CLANG_WARN_BLOCK_CAPTURE_AUTORELEASING = YES;
				CLANG_WARN_BOOL_CONVERSION = YES;
				CLANG_WARN_COMMA = YES;
				CLANG_WARN_CONSTANT_CONVERSION = YES;
				CLANG_WARN_DEPRECATED_OBJC_IMPLEMENTATIONS = YES;
				CLANG_WARN_DIRECT_OBJC_ISA_USAGE = YES_ERROR;
				CLANG_WARN_DOCUMENTATION_COMMENTS = YES;
				CLANG_WARN_EMPTY_BODY = YES;
				CLANG_WARN_ENUM_CONVERSION = YES;
				CLANG_WARN_INFINITE_RECURSION = YES;
				CLANG_WARN_INT_CONVERSION = YES;
				CLANG_WARN_NON_LITERAL_NULL_CONVERSION = YES;
				CLANG_WARN_OBJC_IMPLICIT_RETAIN_SELF = YES;
				CLANG_WARN_OBJC_LITERAL_CONVERSION = YES;
				CLANG_WARN_OBJC_ROOT_CLASS = YES_ERROR;
				CLANG_WARN_QUOTED_INCLUDE_IN_FRAMEWORK_HEADER = YES;
				CLANG_WARN_RANGE_LOOP_ANALYSIS = YES;
				CLANG_WARN_STRICT_PROTOTYPES = YES;
				CLANG_WARN_SUSPICIOUS_MOVE = YES;
				CLANG_WARN_UNGUARDED_AVAILABILITY = YES_AGGRESSIVE;
				CLANG_WARN_UNREACHABLE_CODE = YES;
				CLANG_WARN__DUPLICATE_METHOD_MATCH = YES;
				COPY_PHASE_STRIP = NO;
				DEBUG_INFORMATION_FORMAT = dwarf;
				ENABLE_STRICT_OBJC_MSGSEND = YES;
				ENABLE_TESTABILITY = YES;
				GCC_C_LANGUAGE_STANDARD = gnu11;
				GCC_DYNAMIC_NO_PIC = NO;
				GCC_NO_COMMON_BLOCKS = YES;
				GCC_OPTIMIZATION_LEVEL = 0;
				GCC_PREPROCESSOR_DEFINITIONS = (
					"DEBUG=1",
					"$(inherited)",
				);
				GCC_WARN_64_TO_32_BIT_CONVERSION = YES;
				GCC_WARN_ABOUT_RETURN_TYPE = YES_ERROR;
				GCC_WARN_UNDECLARED_SELECTOR = YES;
				GCC_WARN_UNINITIALIZED_AUTOS = YES_AGGRESSIVE;
				GCC_WARN_UNUSED_FUNCTION = YES;
				GCC_WARN_UNUSED_VARIABLE = YES;
				IPHONEOS_DEPLOYMENT_TARGET = 16.4;
				MTL_ENABLE_DEBUG_INFO = INCLUDE_SOURCE;
				MTL_FAST_MATH = YES;
				ONLY_ACTIVE_ARCH = YES;
				SDKROOT = iphoneos;
				SWIFT_ACTIVE_COMPILATION_CONDITIONS = DEBUG;
				SWIFT_OPTIMIZATION_LEVEL = "-Onone";
			};
			name = Debug;
		};
		A57F48712A13FA2600D65A24 /* Release */ = {
			isa = XCBuildConfiguration;
			buildSettings = {
				ALWAYS_SEARCH_USER_PATHS = NO;
				CLANG_ANALYZER_NONNULL = YES;
				CLANG_ANALYZER_NUMBER_OBJECT_CONVERSION = YES_AGGRESSIVE;
				CLANG_CXX_LANGUAGE_STANDARD = "gnu++20";
				CLANG_ENABLE_MODULES = YES;
				CLANG_ENABLE_OBJC_ARC = YES;
				CLANG_ENABLE_OBJC_WEAK = YES;
				CLANG_WARN_BLOCK_CAPTURE_AUTORELEASING = YES;
				CLANG_WARN_BOOL_CONVERSION = YES;
				CLANG_WARN_COMMA = YES;
				CLANG_WARN_CONSTANT_CONVERSION = YES;
				CLANG_WARN_DEPRECATED_OBJC_IMPLEMENTATIONS = YES;
				CLANG_WARN_DIRECT_OBJC_ISA_USAGE = YES_ERROR;
				CLANG_WARN_DOCUMENTATION_COMMENTS = YES;
				CLANG_WARN_EMPTY_BODY = YES;
				CLANG_WARN_ENUM_CONVERSION = YES;
				CLANG_WARN_INFINITE_RECURSION = YES;
				CLANG_WARN_INT_CONVERSION = YES;
				CLANG_WARN_NON_LITERAL_NULL_CONVERSION = YES;
				CLANG_WARN_OBJC_IMPLICIT_RETAIN_SELF = YES;
				CLANG_WARN_OBJC_LITERAL_CONVERSION = YES;
				CLANG_WARN_OBJC_ROOT_CLASS = YES_ERROR;
				CLANG_WARN_QUOTED_INCLUDE_IN_FRAMEWORK_HEADER = YES;
				CLANG_WARN_RANGE_LOOP_ANALYSIS = YES;
				CLANG_WARN_STRICT_PROTOTYPES = YES;
				CLANG_WARN_SUSPICIOUS_MOVE = YES;
				CLANG_WARN_UNGUARDED_AVAILABILITY = YES_AGGRESSIVE;
				CLANG_WARN_UNREACHABLE_CODE = YES;
				CLANG_WARN__DUPLICATE_METHOD_MATCH = YES;
				COPY_PHASE_STRIP = NO;
				DEBUG_INFORMATION_FORMAT = "dwarf-with-dsym";
				ENABLE_NS_ASSERTIONS = NO;
				ENABLE_STRICT_OBJC_MSGSEND = YES;
				GCC_C_LANGUAGE_STANDARD = gnu11;
				GCC_NO_COMMON_BLOCKS = YES;
				GCC_WARN_64_TO_32_BIT_CONVERSION = YES;
				GCC_WARN_ABOUT_RETURN_TYPE = YES_ERROR;
				GCC_WARN_UNDECLARED_SELECTOR = YES;
				GCC_WARN_UNINITIALIZED_AUTOS = YES_AGGRESSIVE;
				GCC_WARN_UNUSED_FUNCTION = YES;
				GCC_WARN_UNUSED_VARIABLE = YES;
				IPHONEOS_DEPLOYMENT_TARGET = 16.4;
				MTL_ENABLE_DEBUG_INFO = NO;
				MTL_FAST_MATH = YES;
				SDKROOT = iphoneos;
				SWIFT_COMPILATION_MODE = wholemodule;
				SWIFT_OPTIMIZATION_LEVEL = "-O";
				VALIDATE_PRODUCT = YES;
			};
			name = Release;
		};
		A57F48732A13FA2600D65A24 /* Debug */ = {
			isa = XCBuildConfiguration;
			buildSettings = {
				ASSETCATALOG_COMPILER_APPICON_NAME = AppIcon;
				ASSETCATALOG_COMPILER_GLOBAL_ACCENT_COLOR_NAME = AccentColor;
				CODE_SIGN_STYLE = Automatic;
				CURRENT_PROJECT_VERSION = 1;
				DEVELOPMENT_TEAM = 8PHY3R68LB;
				GENERATE_INFOPLIST_FILE = YES;
				INFOPLIST_FILE = SushiMarketApp/Resource/Info.plist;
				INFOPLIST_KEY_UIApplicationSupportsIndirectInputEvents = YES;
				INFOPLIST_KEY_UILaunchStoryboardName = LaunchScreen;
				INFOPLIST_KEY_UISupportedInterfaceOrientations = UIInterfaceOrientationPortrait;
				INFOPLIST_KEY_UISupportedInterfaceOrientations_iPad = "UIInterfaceOrientationLandscapeLeft UIInterfaceOrientationLandscapeRight UIInterfaceOrientationPortrait UIInterfaceOrientationPortraitUpsideDown";
				IPHONEOS_DEPLOYMENT_TARGET = 14.0;
				LD_RUNPATH_SEARCH_PATHS = (
					"$(inherited)",
					"@executable_path/Frameworks",
				);
				MARKETING_VERSION = 1.0;
				PRODUCT_BUNDLE_IDENTIFIER = com.my.SushiMarketApp;
				PRODUCT_NAME = "$(TARGET_NAME)";
				SWIFT_EMIT_LOC_STRINGS = YES;
				SWIFT_VERSION = 5.0;
				TARGETED_DEVICE_FAMILY = "1,2";
			};
			name = Debug;
		};
		A57F48742A13FA2600D65A24 /* Release */ = {
			isa = XCBuildConfiguration;
			buildSettings = {
				ASSETCATALOG_COMPILER_APPICON_NAME = AppIcon;
				ASSETCATALOG_COMPILER_GLOBAL_ACCENT_COLOR_NAME = AccentColor;
				CODE_SIGN_STYLE = Automatic;
				CURRENT_PROJECT_VERSION = 1;
				DEVELOPMENT_TEAM = 8PHY3R68LB;
				GENERATE_INFOPLIST_FILE = YES;
				INFOPLIST_FILE = SushiMarketApp/Resource/Info.plist;
				INFOPLIST_KEY_UIApplicationSupportsIndirectInputEvents = YES;
				INFOPLIST_KEY_UILaunchStoryboardName = LaunchScreen;
				INFOPLIST_KEY_UISupportedInterfaceOrientations = UIInterfaceOrientationPortrait;
				INFOPLIST_KEY_UISupportedInterfaceOrientations_iPad = "UIInterfaceOrientationLandscapeLeft UIInterfaceOrientationLandscapeRight UIInterfaceOrientationPortrait UIInterfaceOrientationPortraitUpsideDown";
				IPHONEOS_DEPLOYMENT_TARGET = 14.0;
				LD_RUNPATH_SEARCH_PATHS = (
					"$(inherited)",
					"@executable_path/Frameworks",
				);
				MARKETING_VERSION = 1.0;
				PRODUCT_BUNDLE_IDENTIFIER = com.my.SushiMarketApp;
				PRODUCT_NAME = "$(TARGET_NAME)";
				SWIFT_EMIT_LOC_STRINGS = YES;
				SWIFT_VERSION = 5.0;
				TARGETED_DEVICE_FAMILY = "1,2";
			};
			name = Release;
		};
/* End XCBuildConfiguration section */

/* Begin XCConfigurationList section */
		A57F48562A13FA2500D65A24 /* Build configuration list for PBXProject "SushiMarketApp" */ = {
			isa = XCConfigurationList;
			buildConfigurations = (
				A57F48702A13FA2600D65A24 /* Debug */,
				A57F48712A13FA2600D65A24 /* Release */,
			);
			defaultConfigurationIsVisible = 0;
			defaultConfigurationName = Release;
		};
		A57F48722A13FA2600D65A24 /* Build configuration list for PBXNativeTarget "SushiMarketApp" */ = {
			isa = XCConfigurationList;
			buildConfigurations = (
				A57F48732A13FA2600D65A24 /* Debug */,
				A57F48742A13FA2600D65A24 /* Release */,
			);
			defaultConfigurationIsVisible = 0;
			defaultConfigurationName = Release;
		};
/* End XCConfigurationList section */

/* Begin XCVersionGroup section */
		A57F48672A13FA2500D65A24 /* SushiMarketApp.xcdatamodeld */ = {
			isa = XCVersionGroup;
			children = (
				A57F48682A13FA2500D65A24 /* SushiMarketApp.xcdatamodel */,
			);
			currentVersion = A57F48682A13FA2500D65A24 /* SushiMarketApp.xcdatamodel */;
			path = SushiMarketApp.xcdatamodeld;
			sourceTree = "<group>";
			versionGroupType = wrapper.xcdatamodel;
		};
/* End XCVersionGroup section */
	};
	rootObject = A57F48532A13FA2500D65A24 /* Project object */;
}
